
Microsoft Visual Studio Solution File, Format Version 12.00
# Visual Studio Version 17
VisualStudioVersion = 17.2.32616.157
MinimumVisualStudioVersion = 10.0.40219.1
Project("{FAE04EC0-301F-11D3-BF4B-00C04F79EFBC}") = "GetStartedWithASPNETMVC", "GetStartedWithASPNETMVC.csproj", "{C2FBF1BD-E8CD-44B2-96FE-39D69F2E6180}"
EndProject
Project("{FAE04EC0-301F-11D3-BF4B-00C04F79EFBC}") = "GetStartedWithASPNETMVC_Plugin", "GetStartedWithASPNETMVC_Plugin\GetStartedWithASPNETMVC_Plugin.csproj", "{5F0C31AC-531D-49C2-AF56-6E77DE89CB7B}"
EndProject
Project("{FAE04EC0-301F-11D3-BF4B-00C04F79EFBC}") = "GetStartedWithASPNETMVC_Helper", "GetStartedWithAspnetHelper\GetStartedWithASPNETMVC_Helper.csproj", "{038BC6CE-582F-43BE-AD89-3DF83DE9B4CA}"
EndProject
Project("{FAE04EC0-301F-11D3-BF4B-00C04F79EFBC}") = "GetStartedWithASPNETMVC_EF", "GetStartedWithASPNETMVC_EF\GetStartedWithASPNETMVC_EF.csproj", "{54B0BB41-4171-44D7-810C-A5FCFFAF0BFE}"
EndProject
Project("{FAE04EC0-301F-11D3-BF4B-00C04F79EFBC}") = "GetStartedWithASPNETMVC_IOC", "GetStartedWithASPNETMVC_IOC\GetStartedWithASPNETMVC_IOC.csproj", "{CC8ED41F-1CD4-4A5E-90C3-86FEA8006F71}"
EndProject
Project("{FAE04EC0-301F-11D3-BF4B-00C04F79EFBC}") = "GetStartedWithASPNETMVC_Interface", "GetStartedWithASPNETMVC_Interface\GetStartedWithASPNETMVC_Interface.csproj", "{840EA8E9-93D7-4C68-A440-DB88BD9F7A09}"
EndProject
Project("{FAE04EC0-301F-11D3-BF4B-00C04F79EFBC}") = "GetStartedWithASPNETMVC_Services", "GetStartedWithASPNETMVC_Services\GetStartedWithASPNETMVC_Services.csproj", "{99A87EFB-DDCE-458F-A189-8D15A406AEF9}"
EndProject
Project("{FAE04EC0-301F-11D3-BF4B-00C04F79EFBC}") = "GetStartedWithASPNETMVC_Sqlsugar", "..\GetStartedWithASPNETMVC_Sqlsugar\GetStartedWithASPNETMVC_Sqlsugar.csproj", "{B0D02437-206A-4DF1-A9D4-A4BD046CB773}"
EndProject
Project("{FAE04EC0-301F-11D3-BF4B-00C04F79EFBC}") = "GetStartedWithASPMVC_SqlsugarDbcontext", "GetStartedWithASPMVC_SqlsugarDbcontext\GetStartedWithASPMVC_SqlsugarDbcontext.csproj", "{DF8455D6-AB00-4474-8B77-F57E10D54AA1}"
EndProject
Global
	GlobalSection(SolutionConfigurationPlatforms) = preSolution
		Debug|Any CPU = Debug|Any CPU
		Release|Any CPU = Release|Any CPU
	EndGlobalSection
	GlobalSection(ProjectConfigurationPlatforms) = postSolution
		{C2FBF1BD-E8CD-44B2-96FE-39D69F2E6180}.Debug|Any CPU.ActiveCfg = Debug|Any CPU
		{C2FBF1BD-E8CD-44B2-96FE-39D69F2E6180}.Debug|Any CPU.Build.0 = Debug|Any CPU
		{C2FBF1BD-E8CD-44B2-96FE-39D69F2E6180}.Release|Any CPU.ActiveCfg = Release|Any CPU
		{C2FBF1BD-E8CD-44B2-96FE-39D69F2E6180}.Release|Any CPU.Build.0 = Release|Any CPU
		{5F0C31AC-531D-49C2-AF56-6E77DE89CB7B}.Debug|Any CPU.ActiveCfg = Debug|Any CPU
		{5F0C31AC-531D-49C2-AF56-6E77DE89CB7B}.Debug|Any CPU.Build.0 = Debug|Any CPU
		{5F0C31AC-531D-49C2-AF56-6E77DE89CB7B}.Release|Any CPU.ActiveCfg = Release|Any CPU
		{5F0C31AC-531D-49C2-AF56-6E77DE89CB7B}.Release|Any CPU.Build.0 = Release|Any CPU
		{038BC6CE-582F-43BE-AD89-3DF83DE9B4CA}.Debug|Any CPU.ActiveCfg = Debug|Any CPU
		{038BC6CE-582F-43BE-AD89-3DF83DE9B4CA}.Debug|Any CPU.Build.0 = Debug|Any CPU
		{038BC6CE-582F-43BE-AD89-3DF83DE9B4CA}.Release|Any CPU.ActiveCfg = Release|Any CPU
		{038BC6CE-582F-43BE-AD89-3DF83DE9B4CA}.Release|Any CPU.Build.0 = Release|Any CPU
		{54B0BB41-4171-44D7-810C-A5FCFFAF0BFE}.Debug|Any CPU.ActiveCfg = Debug|Any CPU
		{54B0BB41-4171-44D7-810C-A5FCFFAF0BFE}.Debug|Any CPU.Build.0 = Debug|Any CPU
		{54B0BB41-4171-44D7-810C-A5FCFFAF0BFE}.Release|Any CPU.ActiveCfg = Release|Any CPU
		{54B0BB41-4171-44D7-810C-A5FCFFAF0BFE}.Release|Any CPU.Build.0 = Release|Any CPU
		{CC8ED41F-1CD4-4A5E-90C3-86FEA8006F71}.Debug|Any CPU.ActiveCfg = Debug|Any CPU
		{CC8ED41F-1CD4-4A5E-90C3-86FEA8006F71}.Debug|Any CPU.Build.0 = Debug|Any CPU
		{CC8ED41F-1CD4-4A5E-90C3-86FEA8006F71}.Release|Any CPU.ActiveCfg = Release|Any CPU
		{CC8ED41F-1CD4-4A5E-90C3-86FEA8006F71}.Release|Any CPU.Build.0 = Release|Any CPU
		{840EA8E9-93D7-4C68-A440-DB88BD9F7A09}.Debug|Any CPU.ActiveCfg = Debug|Any CPU
		{840EA8E9-93D7-4C68-A440-DB88BD9F7A09}.Debug|Any CPU.Build.0 = Debug|Any CPU
		{840EA8E9-93D7-4C68-A440-DB88BD9F7A09}.Release|Any CPU.ActiveCfg = Release|Any CPU
		{840EA8E9-93D7-4C68-A440-DB88BD9F7A09}.Release|Any CPU.Build.0 = Release|Any CPU
		{99A87EFB-DDCE-458F-A189-8D15A406AEF9}.Debug|Any CPU.ActiveCfg = Debug|Any CPU
		{99A87EFB-DDCE-458F-A189-8D15A406AEF9}.Debug|Any CPU.Build.0 = Debug|Any CPU
		{99A87EFB-DDCE-458F-A189-8D15A406AEF9}.Release|Any CPU.ActiveCfg = Release|Any CPU
		{99A87EFB-DDCE-458F-A189-8D15A406AEF9}.Release|Any CPU.Build.0 = Release|Any CPU
		{B0D02437-206A-4DF1-A9D4-A4BD046CB773}.Debug|Any CPU.ActiveCfg = Debug|Any CPU
		{B0D02437-206A-4DF1-A9D4-A4BD046CB773}.Debug|Any CPU.Build.0 = Debug|Any CPU
		{B0D02437-206A-4DF1-A9D4-A4BD046CB773}.Release|Any CPU.ActiveCfg = Release|Any CPU
		{B0D02437-206A-4DF1-A9D4-A4BD046CB773}.Release|Any CPU.Build.0 = Release|Any CPU
		{DF8455D6-AB00-4474-8B77-F57E10D54AA1}.Debug|Any CPU.ActiveCfg = Debug|Any CPU
		{DF8455D6-AB00-4474-8B77-F57E10D54AA1}.Debug|Any CPU.Build.0 = Debug|Any CPU
		{DF8455D6-AB00-4474-8B77-F57E10D54AA1}.Release|Any CPU.ActiveCfg = Release|Any CPU
		{DF8455D6-AB00-4474-8B77-F57E10D54AA1}.Release|Any CPU.Build.0 = Release|Any CPU
	EndGlobalSection
	GlobalSection(SolutionProperties) = preSolution
		HideSolutionNode = FALSE
	EndGlobalSection
	GlobalSection(ExtensibilityGlobals) = postSolution
		SolutionGuid = {724B963D-3865-4E79-9614-0A736CE5AE8E}
	EndGlobalSection
EndGlobal
